
Microsoft Visual Studio Solution File, Format Version 12.00
# Visual Studio Version 17
VisualStudioVersion = 17.11.35219.272
MinimumVisualStudioVersion = 10.0.40219.1
Project("{FAE04EC0-301F-11D3-BF4B-00C04F79EFBC}") = "FlightScheduleAPI", "FlightScheduleAPI\FlightScheduleAPI.csproj", "{0FBD3A97-5541-4600-B361-144B58F3EDE5}"
EndProject
Global
	GlobalSection(SolutionConfigurationPlatforms) = preSolution
		Debug|Any CPU = Debug|Any CPU
		Release|Any CPU = Release|Any CPU
	EndGlobalSection
	GlobalSection(ProjectConfigurationPlatforms) = postSolution
		{0FBD3A97-5541-4600-B361-144B58F3EDE5}.Debug|Any CPU.ActiveCfg = Debug|Any CPU
		{0FBD3A97-5541-4600-B361-144B58F3EDE5}.Debug|Any CPU.Build.0 = Debug|Any CPU
		{0FBD3A97-5541-4600-B361-144B58F3EDE5}.Release|Any CPU.ActiveCfg = Release|Any CPU
		{0FBD3A97-5541-4600-B361-144B58F3EDE5}.Release|Any CPU.Build.0 = Release|Any CPU
	EndGlobalSection
	GlobalSection(SolutionProperties) = preSolution
		HideSolutionNode = FALSE
	EndGlobalSection
	GlobalSection(ExtensibilityGlobals) = postSolution
		SolutionGuid = {0D232A1C-1137-4AB6-AE29-C74271C953F5}
	EndGlobalSection
EndGlobal
